
Microsoft Visual Studio Solution File, Format Version 11.00
# Visual Studio 2010
Project("{FAE04EC0-301F-11D3-BF4B-00C04F79EFBC}") = "HandlingEvents", "HandlingEvents\HandlingEvents.csproj", "{2B18C6AC-CFA5-4F52-8F8E-AD461B6C2956}"
EndProject
Global
	GlobalSection(SolutionConfigurationPlatforms) = preSolution
		Debug|Any CPU = Debug|Any CPU
		Release|Any CPU = Release|Any CPU
	EndGlobalSection
	GlobalSection(ProjectConfigurationPlatforms) = postSolution
		{2B18C6AC-CFA5-4F52-8F8E-AD461B6C2956}.Debug|Any CPU.ActiveCfg = Debug|Any CPU
		{2B18C6AC-CFA5-4F52-8F8E-AD461B6C2956}.Debug|Any CPU.Build.0 = Debug|Any CPU
		{2B18C6AC-CFA5-4F52-8F8E-AD461B6C2956}.Release|Any CPU.ActiveCfg = Release|Any CPU
		{2B18C6AC-CFA5-4F52-8F8E-AD461B6C2956}.Release|Any CPU.Build.0 = Release|Any CPU
	EndGlobalSection
	GlobalSection(SolutionProperties) = preSolution
		HideSolutionNode = FALSE
	EndGlobalSection
EndGlobal
